
Microsoft Visual Studio Solution File, Format Version 12.00
# Visual Studio Version 17
VisualStudioVersion = 17.14.36408.4 d17.14
MinimumVisualStudioVersion = 10.0.40219.1
Project("{FAE04EC0-301F-11D3-BF4B-00C04F79EFBC}") = "UD1-SegundoFormularioWF", "UD1-SegundoFormularioWF\UD1-SegundoFormularioWF.csproj", "{42452F80-7E33-4520-A683-0A94175F2798}"
EndProject
Global
	GlobalSection(SolutionConfigurationPlatforms) = preSolution
		Debug|Any CPU = Debug|Any CPU
		Release|Any CPU = Release|Any CPU
	EndGlobalSection
	GlobalSection(ProjectConfigurationPlatforms) = postSolution
		{42452F80-7E33-4520-A683-0A94175F2798}.Debug|Any CPU.ActiveCfg = Debug|Any CPU
		{42452F80-7E33-4520-A683-0A94175F2798}.Debug|Any CPU.Build.0 = Debug|Any CPU
		{42452F80-7E33-4520-A683-0A94175F2798}.Release|Any CPU.ActiveCfg = Release|Any CPU
		{42452F80-7E33-4520-A683-0A94175F2798}.Release|Any CPU.Build.0 = Release|Any CPU
	EndGlobalSection
	GlobalSection(SolutionProperties) = preSolution
		HideSolutionNode = FALSE
	EndGlobalSection
	GlobalSection(ExtensibilityGlobals) = postSolution
		SolutionGuid = {D63397AF-0C7D-45F4-9B4A-D174CA896B9E}
	EndGlobalSection
EndGlobal
